
Microsoft Visual Studio Solution File, Format Version 12.00
# Visual Studio Version 17
VisualStudioVersion = 17.6.33829.357
MinimumVisualStudioVersion = 10.0.40219.1
Project("{FAE04EC0-301F-11D3-BF4B-00C04F79EFBC}") = "CorreiosMVC", "CorreiosMVC\CorreiosMVC.csproj", "{BE6E3BA1-7BCD-4978-871E-2351CB2E0A73}"
EndProject
Global
	GlobalSection(SolutionConfigurationPlatforms) = preSolution
		Debug|Any CPU = Debug|Any CPU
		Release|Any CPU = Release|Any CPU
	EndGlobalSection
	GlobalSection(ProjectConfigurationPlatforms) = postSolution
		{BE6E3BA1-7BCD-4978-871E-2351CB2E0A73}.Debug|Any CPU.ActiveCfg = Debug|Any CPU
		{BE6E3BA1-7BCD-4978-871E-2351CB2E0A73}.Debug|Any CPU.Build.0 = Debug|Any CPU
		{BE6E3BA1-7BCD-4978-871E-2351CB2E0A73}.Release|Any CPU.ActiveCfg = Release|Any CPU
		{BE6E3BA1-7BCD-4978-871E-2351CB2E0A73}.Release|Any CPU.Build.0 = Release|Any CPU
	EndGlobalSection
	GlobalSection(SolutionProperties) = preSolution
		HideSolutionNode = FALSE
	EndGlobalSection
	GlobalSection(ExtensibilityGlobals) = postSolution
		SolutionGuid = {63187982-BE92-4E59-8DF2-DDE2613703ED}
	EndGlobalSection
EndGlobal
